// !$*UTF8*$!
{
	archiveVersion = 1;
	classes = {
	};
	objectVersion = 46;
	objects = {

/* Begin PBXBuildFile section */
		4D1501C71CDC8CDE0073576C /* main.m in Sources */ = {isa = PBXBuildFile; fileRef = 4D1501C61CDC8CDE0073576C /* main.m */; };
		4D1501CA1CDC8CDE0073576C /* AppDelegate.m in Sources */ = {isa = PBXBuildFile; fileRef = 4D1501C91CDC8CDE0073576C /* AppDelegate.m */; };
		4D1501CD1CDC8CDE0073576C /* ViewController.m in Sources */ = {isa = PBXBuildFile; fileRef = 4D1501CC1CDC8CDE0073576C /* ViewController.m */; };
		4D1501D01CDC8CDE0073576C /* Main.storyboard in Resources */ = {isa = PBXBuildFile; fileRef = 4D1501CE1CDC8CDE0073576C /* Main.storyboard */; };
		4D1501D21CDC8CDE0073576C /* Assets.xcassets in Resources */ = {isa = PBXBuildFile; fileRef = 4D1501D11CDC8CDE0073576C /* Assets.xcassets */; };
		4D1501D51CDC8CDE0073576C /* LaunchScreen.storyboard in Resources */ = {isa = PBXBuildFile; fileRef = 4D1501D31CDC8CDE0073576C /* LaunchScreen.storyboard */; };
		4D1501DE1CDC8DE20073576C /* SHBTransition.m in Sources */ = {isa = PBXBuildFile; fileRef = 4D1501DD1CDC8DE20073576C /* SHBTransition.m */; };
		4D4C0EBC1CDF764A00EFA403 /* SHBNavigationController.m in Sources */ = {isa = PBXBuildFile; fileRef = 4D4C0EBB1CDF764A00EFA403 /* SHBNavigationController.m */; };
		4D4C0EBF1CDF777200EFA403 /* SecondViewController.m in Sources */ = {isa = PBXBuildFile; fileRef = 4D4C0EBE1CDF777200EFA403 /* SecondViewController.m */; };
		4D4C0EC21CDF780300EFA403 /* UIViewController+Helps.m in Sources */ = {isa = PBXBuildFile; fileRef = 4D4C0EC11CDF780300EFA403 /* UIViewController+Helps.m */; };
		4DF960C41CDD9CB7007CF7C3 /* TestViewController.m in Sources */ = {isa = PBXBuildFile; fileRef = 4DF960C31CDD9CB7007CF7C3 /* TestViewController.m */; };
/* End PBXBuildFile section */

/* Begin PBXFileReference section */
		4D1501C21CDC8CDE0073576C /* ZhuanChangAnimation.app */ = {isa = PBXFileReference; explicitFileType = wrapper.application; includeInIndex = 0; path = ZhuanChangAnimation.app; sourceTree = BUILT_PRODUCTS_DIR; };
		4D1501C61CDC8CDE0073576C /* main.m */ = {isa = PBXFileReference; lastKnownFileType = sourcecode.c.objc; path = main.m; sourceTree = "<group>"; };
		4D1501C81CDC8CDE0073576C /* AppDelegate.h */ = {isa = PBXFileReference; lastKnownFileType = sourcecode.c.h; path = AppDelegate.h; sourceTree = "<group>"; };
		4D1501C91CDC8CDE0073576C /* AppDelegate.m */ = {isa = PBXFileReference; lastKnownFileType = sourcecode.c.objc; path = AppDelegate.m; sourceTree = "<group>"; };
		4D1501CB1CDC8CDE0073576C /* ViewController.h */ = {isa = PBXFileReference; lastKnownFileType = sourcecode.c.h; path = ViewController.h; sourceTree = "<group>"; };
		4D1501CC1CDC8CDE0073576C /* ViewController.m */ = {isa = PBXFileReference; lastKnownFileType = sourcecode.c.objc; path = ViewController.m; sourceTree = "<group>"; };
		4D1501CF1CDC8CDE0073576C /* Base */ = {isa = PBXFileReference; lastKnownFileType = file.storyboard; name = Base; path = Base.lproj/Main.storyboard; sourceTree = "<group>"; };
		4D1501D11CDC8CDE0073576C /* Assets.xcassets */ = {isa = PBXFileReference; lastKnownFileType = folder.assetcatalog; path = Assets.xcassets; sourceTree = "<group>"; };
		4D1501D41CDC8CDE0073576C /* Base */ = {isa = PBXFileReference; lastKnownFileType = file.storyboard; name = Base; path = Base.lproj/LaunchScreen.storyboard; sourceTree = "<group>"; };
		4D1501D61CDC8CDE0073576C /* Info.plist */ = {isa = PBXFileReference; lastKnownFileType = text.plist.xml; path = Info.plist; sourceTree = "<group>"; };
		4D1501DC1CDC8DE20073576C /* SHBTransition.h */ = {isa = PBXFileReference; fileEncoding = 4; lastKnownFileType = sourcecode.c.h; path = SHBTransition.h; sourceTree = "<group>"; };
		4D1501DD1CDC8DE20073576C /* SHBTransition.m */ = {isa = PBXFileReference; fileEncoding = 4; lastKnownFileType = sourcecode.c.objc; path = SHBTransition.m; sourceTree = "<group>"; };
		4D4C0EBA1CDF764A00EFA403 /* SHBNavigationController.h */ = {isa = PBXFileReference; fileEncoding = 4; lastKnownFileType = sourcecode.c.h; path = SHBNavigationController.h; sourceTree = "<group>"; };
		4D4C0EBB1CDF764A00EFA403 /* SHBNavigationController.m */ = {isa = PBXFileReference; fileEncoding = 4; lastKnownFileType = sourcecode.c.objc; path = SHBNavigationController.m; sourceTree = "<group>"; };
		4D4C0EBD1CDF777200EFA403 /* SecondViewController.h */ = {isa = PBXFileReference; fileEncoding = 4; lastKnownFileType = sourcecode.c.h; path = SecondViewController.h; sourceTree = "<group>"; };
		4D4C0EBE1CDF777200EFA403 /* SecondViewController.m */ = {isa = PBXFileReference; fileEncoding = 4; lastKnownFileType = sourcecode.c.objc; path = SecondViewController.m; sourceTree = "<group>"; };
		4D4C0EC01CDF780300EFA403 /* UIViewController+Helps.h */ = {isa = PBXFileReference; fileEncoding = 4; lastKnownFileType = sourcecode.c.h; path = "UIViewController+Helps.h"; sourceTree = "<group>"; };
		4D4C0EC11CDF780300EFA403 /* UIViewController+Helps.m */ = {isa = PBXFileReference; fileEncoding = 4; lastKnownFileType = sourcecode.c.objc; path = "UIViewController+Helps.m"; sourceTree = "<group>"; };
		4DF960C21CDD9CB7007CF7C3 /* TestViewController.h */ = {isa = PBXFileReference; fileEncoding = 4; lastKnownFileType = sourcecode.c.h; path = TestViewController.h; sourceTree = "<group>"; };
		4DF960C31CDD9CB7007CF7C3 /* TestViewController.m */ = {isa = PBXFileReference; fileEncoding = 4; lastKnownFileType = sourcecode.c.objc; path = TestViewController.m; sourceTree = "<group>"; };
/* End PBXFileReference section */

/* Begin PBXFrameworksBuildPhase section */
		4D1501BF1CDC8CDE0073576C /* Frameworks */ = {
			isa = PBXFrameworksBuildPhase;
			buildActionMask = 2147483647;
			files = (
			);
			runOnlyForDeploymentPostprocessing = 0;
		};
/* End PBXFrameworksBuildPhase section */

/* Begin PBXGroup section */
		4D1501B91CDC8CDE0073576C = {
			isa = PBXGroup;
			children = (
				4D1501C41CDC8CDE0073576C /* ZhuanChangAnimation */,
				4D1501C31CDC8CDE0073576C /* Products */,
			);
			sourceTree = "<group>";
		};
		4D1501C31CDC8CDE0073576C /* Products */ = {
			isa = PBXGroup;
			children = (
				4D1501C21CDC8CDE0073576C /* ZhuanChangAnimation.app */,
			);
			name = Products;
			sourceTree = "<group>";
		};
		4D1501C41CDC8CDE0073576C /* ZhuanChangAnimation */ = {
			isa = PBXGroup;
			children = (
				4D1501C81CDC8CDE0073576C /* AppDelegate.h */,
				4D1501C91CDC8CDE0073576C /* AppDelegate.m */,
				4D1501CB1CDC8CDE0073576C /* ViewController.h */,
				4D1501CC1CDC8CDE0073576C /* ViewController.m */,
				4D4C0EBA1CDF764A00EFA403 /* SHBNavigationController.h */,
				4D4C0EBB1CDF764A00EFA403 /* SHBNavigationController.m */,
				4DF960C21CDD9CB7007CF7C3 /* TestViewController.h */,
				4DF960C31CDD9CB7007CF7C3 /* TestViewController.m */,
				4D4C0EBD1CDF777200EFA403 /* SecondViewController.h */,
				4D4C0EBE1CDF777200EFA403 /* SecondViewController.m */,
				4D1501DC1CDC8DE20073576C /* SHBTransition.h */,
				4D1501DD1CDC8DE20073576C /* SHBTransition.m */,
				4D4C0EC01CDF780300EFA403 /* UIViewController+Helps.h */,
				4D4C0EC11CDF780300EFA403 /* UIViewController+Helps.m */,
				4D1501CE1CDC8CDE0073576C /* Main.storyboard */,
				4D1501D11CDC8CDE0073576C /* Assets.xcassets */,
				4D1501D31CDC8CDE0073576C /* LaunchScreen.storyboard */,
				4D1501D61CDC8CDE0073576C /* Info.plist */,
				4D1501C51CDC8CDE0073576C /* Supporting Files */,
			);
			path = ZhuanChangAnimation;
			sourceTree = "<group>";
		};
		4D1501C51CDC8CDE0073576C /* Supporting Files */ = {
			isa = PBXGroup;
			children = (
				4D1501C61CDC8CDE0073576C /* main.m */,
			);
			name = "Supporting Files";
			sourceTree = "<group>";
		};
/* End PBXGroup section */

/* Begin PBXNativeTarget section */
		4D1501C11CDC8CDE0073576C /* ZhuanChangAnimation */ = {
			isa = PBXNativeTarget;
			buildConfigurationList = 4D1501D91CDC8CDE0073576C /* Build configuration list for PBXNativeTarget "ZhuanChangAnimation" */;
			buildPhases = (
				4D1501BE1CDC8CDE0073576C /* Sources */,
				4D1501BF1CDC8CDE0073576C /* Frameworks */,
				4D1501C01CDC8CDE0073576C /* Resources */,
			);
			buildRules = (
			);
			dependencies = (
			);
			name = ZhuanChangAnimation;
			productName = ZhuanChangAnimation;
			productReference = 4D1501C21CDC8CDE0073576C /* ZhuanChangAnimation.app */;
			productType = "com.apple.product-type.application";
		};
/* End PBXNativeTarget section */

/* Begin PBXProject section */
		4D1501BA1CDC8CDE0073576C /* Project object */ = {
			isa = PBXProject;
			attributes = {
				LastUpgradeCheck = 0730;
				ORGANIZATIONNAME = shenhongbang;
				TargetAttributes = {
					4D1501C11CDC8CDE0073576C = {
						CreatedOnToolsVersion = 7.3;
						DevelopmentTeam = BNUDL9NS42;
					};
				};
			};
			buildConfigurationList = 4D1501BD1CDC8CDE0073576C /* Build configuration list for PBXProject "ZhuanChangAnimation" */;
			compatibilityVersion = "Xcode 3.2";
			developmentRegion = English;
			hasScannedForEncodings = 0;
			knownRegions = (
				en,
				Base,
			);
			mainGroup = 4D1501B91CDC8CDE0073576C;
			productRefGroup = 4D1501C31CDC8CDE0073576C /* Products */;
			projectDirPath = "";
			projectRoot = "";
			targets = (
				4D1501C11CDC8CDE0073576C /* ZhuanChangAnimation */,
			);
		};
/* End PBXProject section */

/* Begin PBXResourcesBuildPhase section */
		4D1501C01CDC8CDE0073576C /* Resources */ = {
			isa = PBXResourcesBuildPhase;
			buildActionMask = 2147483647;
			files = (
				4D1501D51CDC8CDE0073576C /* LaunchScreen.storyboard in Resources */,
				4D1501D21CDC8CDE0073576C /* Assets.xcassets in Resources */,
				4D1501D01CDC8CDE0073576C /* Main.storyboard in Resources */,
			);
			runOnlyForDeploymentPostprocessing = 0;
		};
/* End PBXResourcesBuildPhase section */

/* Begin PBXSourcesBuildPhase section */
		4D1501BE1CDC8CDE0073576C /* Sources */ = {
			isa = PBXSourcesBuildPhase;
			buildActionMask = 2147483647;
			files = (
				4D1501CD1CDC8CDE0073576C /* ViewController.m in Sources */,
				4D4C0EBC1CDF764A00EFA403 /* SHBNavigationController.m in Sources */,
				4D1501CA1CDC8CDE0073576C /* AppDelegate.m in Sources */,
				4D4C0EBF1CDF777200EFA403 /* SecondViewController.m in Sources */,
				4D1501DE1CDC8DE20073576C /* SHBTransition.m in Sources */,
				4D1501C71CDC8CDE0073576C /* main.m in Sources */,
				4DF960C41CDD9CB7007CF7C3 /* TestViewController.m in Sources */,
				4D4C0EC21CDF780300EFA403 /* UIViewController+Helps.m in Sources */,
			);
			runOnlyForDeploymentPostprocessing = 0;
		};
/* End PBXSourcesBuildPhase section */

/* Begin PBXVariantGroup section */
		4D1501CE1CDC8CDE0073576C /* Main.storyboard */ = {
			isa = PBXVariantGroup;
			children = (
				4D1501CF1CDC8CDE0073576C /* Base */,
			);
			name = Main.storyboard;
			sourceTree = "<group>";
		};
		4D1501D31CDC8CDE0073576C /* LaunchScreen.storyboard */ = {
			isa = PBXVariantGroup;
			children = (
				4D1501D41CDC8CDE0073576C /* Base */,
			);
			name = LaunchScreen.storyboard;
			sourceTree = "<group>";
		};
/* End PBXVariantGroup section */

/* Begin XCBuildConfiguration section */
		4D1501D71CDC8CDE0073576C /* Debug */ = {
			isa = XCBuildConfiguration;
			buildSettings = {
				ALWAYS_SEARCH_USER_PATHS = NO;
				CLANG_ANALYZER_NONNULL = YES;
				CLANG_CXX_LANGUAGE_STANDARD = "gnu++0x";
				CLANG_CXX_LIBRARY = "libc++";
				CLANG_ENABLE_MODULES = YES;
				CLANG_ENABLE_OBJC_ARC = YES;
				CLANG_WARN_BOOL_CONVERSION = YES;
				CLANG_WARN_CONSTANT_CONVERSION = YES;
				CLANG_WARN_DIRECT_OBJC_ISA_USAGE = YES_ERROR;
				CLANG_WARN_EMPTY_BODY = YES;
				CLANG_WARN_ENUM_CONVERSION = YES;
				CLANG_WARN_INT_CONVERSION = YES;
				CLANG_WARN_OBJC_ROOT_CLASS = YES_ERROR;
				CLANG_WARN_UNREACHABLE_CODE = YES;
				CLANG_WARN__DUPLICATE_METHOD_MATCH = YES;
				"CODE_SIGN_IDENTITY[sdk=iphoneos*]" = "iPhone Developer";
				COPY_PHASE_STRIP = NO;
				DEBUG_INFORMATION_FORMAT = dwarf;
				ENABLE_STRICT_OBJC_MSGSEND = YES;
				ENABLE_TESTABILITY = YES;
				GCC_C_LANGUAGE_STANDARD = gnu99;
				GCC_DYNAMIC_NO_PIC = NO;
				GCC_NO_COMMON_BLOCKS = YES;
				GCC_OPTIMIZATION_LEVEL = 0;
				GCC_PREPROCESSOR_DEFINITIONS = (
					"DEBUG=1",
					"$(inherited)",
				);
				GCC_WARN_64_TO_32_BIT_CONVERSION = YES;
				GCC_WARN_ABOUT_RETURN_TYPE = YES_ERROR;
				GCC_WARN_UNDECLARED_SELECTOR = YES;
				GCC_WARN_UNINITIALIZED_AUTOS = YES_AGGRESSIVE;
				GCC_WARN_UNUSED_FUNCTION = YES;
				GCC_WARN_UNUSED_VARIABLE = YES;
				IPHONEOS_DEPLOYMENT_TARGET = 9.3;
				MTL_ENABLE_DEBUG_INFO = YES;
				ONLY_ACTIVE_ARCH = YES;
				SDKROOT = iphoneos;
				TARGETED_DEVICE_FAMILY = "1,2";
			};
			name = Debug;
		};
		4D1501D81CDC8CDE0073576C /* Release */ = {
			isa = XCBuildConfiguration;
			buildSettings = {
				ALWAYS_SEARCH_USER_PATHS = NO;
				CLANG_ANALYZER_NONNULL = YES;
				CLANG_CXX_LANGUAGE_STANDARD = "gnu++0x";
				CLANG_CXX_LIBRARY = "libc++";
				CLANG_ENABLE_MODULES = YES;
				CLANG_ENABLE_OBJC_ARC = YES;
				CLANG_WARN_BOOL_CONVERSION = YES;
				CLANG_WARN_CONSTANT_CONVERSION = YES;
				CLANG_WARN_DIRECT_OBJC_ISA_USAGE = YES_ERROR;
				CLANG_WARN_EMPTY_BODY = YES;
				CLANG_WARN_ENUM_CONVERSION = YES;
				CLANG_WARN_INT_CONVERSION = YES;
				CLANG_WARN_OBJC_ROOT_CLASS = YES_ERROR;
				CLANG_WARN_UNREACHABLE_CODE = YES;
				CLANG_WARN__DUPLICATE_METHOD_MATCH = YES;
				"CODE_SIGN_IDENTITY[sdk=iphoneos*]" = "iPhone Developer";
				COPY_PHASE_STRIP = NO;
				DEBUG_INFORMATION_FORMAT = "dwarf-with-dsym";
				ENABLE_NS_ASSERTIONS = NO;
				ENABLE_STRICT_OBJC_MSGSEND = YES;
				GCC_C_LANGUAGE_STANDARD = gnu99;
				GCC_NO_COMMON_BLOCKS = YES;
				GCC_WARN_64_TO_32_BIT_CONVERSION = YES;
				GCC_WARN_ABOUT_RETURN_TYPE = YES_ERROR;
				GCC_WARN_UNDECLARED_SELECTOR = YES;
				GCC_WARN_UNINITIALIZED_AUTOS = YES_AGGRESSIVE;
				GCC_WARN_UNUSED_FUNCTION = YES;
				GCC_WARN_UNUSED_VARIABLE = YES;
				IPHONEOS_DEPLOYMENT_TARGET = 9.3;
				MTL_ENABLE_DEBUG_INFO = NO;
				SDKROOT = iphoneos;
				TARGETED_DEVICE_FAMILY = "1,2";
				VALIDATE_PRODUCT = YES;
			};
			name = Release;
		};
		4D1501DA1CDC8CDE0073576C /* Debug */ = {
			isa = XCBuildConfiguration;
			buildSettings = {
				ASSETCATALOG_COMPILER_APPICON_NAME = AppIcon;
				FRAMEWORK_SEARCH_PATHS = (
					"$(inherited)",
					"$(PROJECT_DIR)/ZhuanChangAnimation",
				);
				INFOPLIST_FILE = ZhuanChangAnimation/Info.plist;
				LD_RUNPATH_SEARCH_PATHS = "$(inherited) @executable_path/Frameworks";
				OTHER_LDFLAGS = "";
				PRODUCT_BUNDLE_IDENTIFIER = cn.com.asdc.www.Fanyi;
				PRODUCT_NAME = "$(TARGET_NAME)";
			};
			name = Debug;
		};
		4D1501DB1CDC8CDE0073576C /* Release */ = {
			isa = XCBuildConfiguration;
			buildSettings = {
				ASSETCATALOG_COMPILER_APPICON_NAME = AppIcon;
				FRAMEWORK_SEARCH_PATHS = (
					"$(inherited)",
					"$(PROJECT_DIR)/ZhuanChangAnimation",
				);
				INFOPLIST_FILE = ZhuanChangAnimation/Info.plist;
				LD_RUNPATH_SEARCH_PATHS = "$(inherited) @executable_path/Frameworks";
				OTHER_LDFLAGS = "";
				PRODUCT_BUNDLE_IDENTIFIER = cn.com.asdc.www.Fanyi;
				PRODUCT_NAME = "$(TARGET_NAME)";
			};
			name = Release;
		};
/* End XCBuildConfiguration section */

/* Begin XCConfigurationList section */
		4D1501BD1CDC8CDE0073576C /* Build configuration list for PBXProject "ZhuanChangAnimation" */ = {
			isa = XCConfigurationList;
			buildConfigurations = (
				4D1501D71CDC8CDE0073576C /* Debug */,
				4D1501D81CDC8CDE0073576C /* Release */,
			);
			defaultConfigurationIsVisible = 0;
			defaultConfigurationName = Release;
		};
		4D1501D91CDC8CDE0073576C /* Build configuration list for PBXNativeTarget "ZhuanChangAnimation" */ = {
			isa = XCConfigurationList;
			buildConfigurations = (
				4D1501DA1CDC8CDE0073576C /* Debug */,
				4D1501DB1CDC8CDE0073576C /* Release */,
			);
			defaultConfigurationIsVisible = 0;
			defaultConfigurationName = Release;
		};
/* End XCConfigurationList section */
	};
	rootObject = 4D1501BA1CDC8CDE0073576C /* Project object */;
}
